
Microsoft Visual Studio Solution File, Format Version 12.00
# Visual Studio Version 16
VisualStudioVersion = 16.0.30114.105
MinimumVisualStudioVersion = 10.0.40219.1
Project("{FAE04EC0-301F-11D3-BF4B-00C04F79EFBC}") = "CarRecommendationSystem", "CarRecommendationSystem\CarRecommendationSystem.csproj", "{BFC1A41C-629F-44A9-99CA-8245B5331F6F}"
EndProject
Global
	GlobalSection(SolutionConfigurationPlatforms) = preSolution
		Debug|Any CPU = Debug|Any CPU
		Release|Any CPU = Release|Any CPU
	EndGlobalSection
	GlobalSection(ProjectConfigurationPlatforms) = postSolution
		{BFC1A41C-629F-44A9-99CA-8245B5331F6F}.Debug|Any CPU.ActiveCfg = Debug|Any CPU
		{BFC1A41C-629F-44A9-99CA-8245B5331F6F}.Debug|Any CPU.Build.0 = Debug|Any CPU
		{BFC1A41C-629F-44A9-99CA-8245B5331F6F}.Release|Any CPU.ActiveCfg = Release|Any CPU
		{BFC1A41C-629F-44A9-99CA-8245B5331F6F}.Release|Any CPU.Build.0 = Release|Any CPU
	EndGlobalSection
	GlobalSection(SolutionProperties) = preSolution
		HideSolutionNode = FALSE
	EndGlobalSection
	GlobalSection(ExtensibilityGlobals) = postSolution
		SolutionGuid = {3E832465-5AE1-48DC-8559-8137D1A28ADE}
	EndGlobalSection
EndGlobal
